
Microsoft Visual Studio Solution File, Format Version 12.00
# Visual Studio Version 17
VisualStudioVersion = 17.3.32901.215
MinimumVisualStudioVersion = 10.0.40219.1
Project("{9A19103F-16F7-4668-BE54-9A1E7A4F7556}") = "BethanysPieShopHRM", "BethanysPieShopHRM\BethanysPieShopHRM.csproj", "{B3275B1C-58F8-45DC-814B-78B00F207024}"
EndProject
Project("{FAE04EC0-301F-11D3-BF4B-00C04F79EFBC}") = "BethanysPieShopHRM.Tests", "BethanysPieShopHRM.Tests\BethanysPieShopHRM.Tests.csproj", "{6313A89C-7792-4CF4-BF08-A709167001A7}"
EndProject
Global
	GlobalSection(SolutionConfigurationPlatforms) = preSolution
		Debug|Any CPU = Debug|Any CPU
		Release|Any CPU = Release|Any CPU
	EndGlobalSection
	GlobalSection(ProjectConfigurationPlatforms) = postSolution
		{B3275B1C-58F8-45DC-814B-78B00F207024}.Debug|Any CPU.ActiveCfg = Debug|Any CPU
		{B3275B1C-58F8-45DC-814B-78B00F207024}.Debug|Any CPU.Build.0 = Debug|Any CPU
		{B3275B1C-58F8-45DC-814B-78B00F207024}.Release|Any CPU.ActiveCfg = Release|Any CPU
		{B3275B1C-58F8-45DC-814B-78B00F207024}.Release|Any CPU.Build.0 = Release|Any CPU
		{6313A89C-7792-4CF4-BF08-A709167001A7}.Debug|Any CPU.ActiveCfg = Debug|Any CPU
		{6313A89C-7792-4CF4-BF08-A709167001A7}.Debug|Any CPU.Build.0 = Debug|Any CPU
		{6313A89C-7792-4CF4-BF08-A709167001A7}.Release|Any CPU.ActiveCfg = Release|Any CPU
		{6313A89C-7792-4CF4-BF08-A709167001A7}.Release|Any CPU.Build.0 = Release|Any CPU
	EndGlobalSection
	GlobalSection(SolutionProperties) = preSolution
		HideSolutionNode = FALSE
	EndGlobalSection
	GlobalSection(ExtensibilityGlobals) = postSolution
		SolutionGuid = {7C596A49-9783-42CD-AC91-2B5E6BD29753}
	EndGlobalSection
EndGlobal
