
Microsoft Visual Studio Solution File, Format Version 12.00
# Visual Studio Version 17
VisualStudioVersion = 17.3.32922.545
MinimumVisualStudioVersion = 10.0.40219.1
Project("{9A19103F-16F7-4668-BE54-9A1E7A4F7556}") = "BethanysPieShopHRM", "BethanysPieShopHRM\BethanysPieShopHRM.csproj", "{84745BFF-C7BE-49B6-B46D-EF680C0E1CDE}"
EndProject
Project("{FAE04EC0-301F-11D3-BF4B-00C04F79EFBC}") = "BethanysPieShopHRM.Tests", "BethanysPieShopHRM.Tests\BethanysPieShopHRM.Tests.csproj", "{7BDF2F98-B120-47F6-AABE-7E9A15BCA60C}"
EndProject
Global
	GlobalSection(SolutionConfigurationPlatforms) = preSolution
		Debug|Any CPU = Debug|Any CPU
		Release|Any CPU = Release|Any CPU
	EndGlobalSection
	GlobalSection(ProjectConfigurationPlatforms) = postSolution
		{84745BFF-C7BE-49B6-B46D-EF680C0E1CDE}.Debug|Any CPU.ActiveCfg = Debug|Any CPU
		{84745BFF-C7BE-49B6-B46D-EF680C0E1CDE}.Debug|Any CPU.Build.0 = Debug|Any CPU
		{84745BFF-C7BE-49B6-B46D-EF680C0E1CDE}.Release|Any CPU.ActiveCfg = Release|Any CPU
		{84745BFF-C7BE-49B6-B46D-EF680C0E1CDE}.Release|Any CPU.Build.0 = Release|Any CPU
		{7BDF2F98-B120-47F6-AABE-7E9A15BCA60C}.Debug|Any CPU.ActiveCfg = Debug|Any CPU
		{7BDF2F98-B120-47F6-AABE-7E9A15BCA60C}.Debug|Any CPU.Build.0 = Debug|Any CPU
		{7BDF2F98-B120-47F6-AABE-7E9A15BCA60C}.Release|Any CPU.ActiveCfg = Release|Any CPU
		{7BDF2F98-B120-47F6-AABE-7E9A15BCA60C}.Release|Any CPU.Build.0 = Release|Any CPU
	EndGlobalSection
	GlobalSection(SolutionProperties) = preSolution
		HideSolutionNode = FALSE
	EndGlobalSection
	GlobalSection(ExtensibilityGlobals) = postSolution
		SolutionGuid = {171BF7E6-0D18-4785-BB71-1ACB82C95E73}
	EndGlobalSection
EndGlobal
