
Microsoft Visual Studio Solution File, Format Version 12.00
# Visual Studio Version 17
VisualStudioVersion = 17.3.32922.545
MinimumVisualStudioVersion = 10.0.40219.1
Project("{9A19103F-16F7-4668-BE54-9A1E7A4F7556}") = "BethanysPieShopHRM", "BethanysPieShopHRM\BethanysPieShopHRM.csproj", "{864B0CE9-C539-401B-8463-DA1273174113}"
EndProject
Global
	GlobalSection(SolutionConfigurationPlatforms) = preSolution
		Debug|Any CPU = Debug|Any CPU
		Release|Any CPU = Release|Any CPU
	EndGlobalSection
	GlobalSection(ProjectConfigurationPlatforms) = postSolution
		{864B0CE9-C539-401B-8463-DA1273174113}.Debug|Any CPU.ActiveCfg = Debug|Any CPU
		{864B0CE9-C539-401B-8463-DA1273174113}.Debug|Any CPU.Build.0 = Debug|Any CPU
		{864B0CE9-C539-401B-8463-DA1273174113}.Release|Any CPU.ActiveCfg = Release|Any CPU
		{864B0CE9-C539-401B-8463-DA1273174113}.Release|Any CPU.Build.0 = Release|Any CPU
	EndGlobalSection
	GlobalSection(SolutionProperties) = preSolution
		HideSolutionNode = FALSE
	EndGlobalSection
	GlobalSection(ExtensibilityGlobals) = postSolution
		SolutionGuid = {171BF7E6-0D18-4785-BB71-1ACB82C95E73}
	EndGlobalSection
EndGlobal
